
Microsoft Visual Studio Solution File, Format Version 12.00
# Visual Studio Version 16
VisualStudioVersion = 16.0.30011.22
MinimumVisualStudioVersion = 10.0.40219.1
Project("{FAE04EC0-301F-11D3-BF4B-00C04F79EFBC}") = "thinger.cn.BMSControl", "thinger.cn.BMSControl\thinger.cn.BMSControl.csproj", "{60A21600-5F5D-4318-93CA-94FDDDB7D3D5}"
EndProject
Project("{FAE04EC0-301F-11D3-BF4B-00C04F79EFBC}") = "thinger.cn.BMSDAL", "thinger.cn.BMSDAL\thinger.cn.BMSDAL.csproj", "{A00F5715-6AA1-435B-B78D-26257F17BFEC}"
EndProject
Project("{FAE04EC0-301F-11D3-BF4B-00C04F79EFBC}") = "thinger.cn.BMSHelper", "thinger.cn.BMSHelper\thinger.cn.BMSHelper.csproj", "{0F7A9019-92B0-4286-8742-F9CFDE8BFD2C}"
EndProject
Project("{FAE04EC0-301F-11D3-BF4B-00C04F79EFBC}") = "thinger.cn.BMSModels", "thinger.cn.BMSModels\thinger.cn.BMSModels.csproj", "{145C2234-3DCF-47DD-AE99-0E6D62EC2899}"
EndProject
Project("{FAE04EC0-301F-11D3-BF4B-00C04F79EFBC}") = "thinger.cn.BMSPro", "thinger.cn.BMSPro\thinger.cn.BMSPro.csproj", "{B9F2659A-2584-4F9D-9C4E-15C83B2F9334}"
EndProject
Global
	GlobalSection(SolutionConfigurationPlatforms) = preSolution
		Debug|Any CPU = Debug|Any CPU
		Release|Any CPU = Release|Any CPU
	EndGlobalSection
	GlobalSection(ProjectConfigurationPlatforms) = postSolution
		{60A21600-5F5D-4318-93CA-94FDDDB7D3D5}.Debug|Any CPU.ActiveCfg = Debug|Any CPU
		{60A21600-5F5D-4318-93CA-94FDDDB7D3D5}.Debug|Any CPU.Build.0 = Debug|Any CPU
		{60A21600-5F5D-4318-93CA-94FDDDB7D3D5}.Release|Any CPU.ActiveCfg = Release|Any CPU
		{60A21600-5F5D-4318-93CA-94FDDDB7D3D5}.Release|Any CPU.Build.0 = Release|Any CPU
		{A00F5715-6AA1-435B-B78D-26257F17BFEC}.Debug|Any CPU.ActiveCfg = Debug|Any CPU
		{A00F5715-6AA1-435B-B78D-26257F17BFEC}.Debug|Any CPU.Build.0 = Debug|Any CPU
		{A00F5715-6AA1-435B-B78D-26257F17BFEC}.Release|Any CPU.ActiveCfg = Release|Any CPU
		{A00F5715-6AA1-435B-B78D-26257F17BFEC}.Release|Any CPU.Build.0 = Release|Any CPU
		{0F7A9019-92B0-4286-8742-F9CFDE8BFD2C}.Debug|Any CPU.ActiveCfg = Debug|Any CPU
		{0F7A9019-92B0-4286-8742-F9CFDE8BFD2C}.Debug|Any CPU.Build.0 = Debug|Any CPU
		{0F7A9019-92B0-4286-8742-F9CFDE8BFD2C}.Release|Any CPU.ActiveCfg = Release|Any CPU
		{0F7A9019-92B0-4286-8742-F9CFDE8BFD2C}.Release|Any CPU.Build.0 = Release|Any CPU
		{145C2234-3DCF-47DD-AE99-0E6D62EC2899}.Debug|Any CPU.ActiveCfg = Debug|Any CPU
		{145C2234-3DCF-47DD-AE99-0E6D62EC2899}.Debug|Any CPU.Build.0 = Debug|Any CPU
		{145C2234-3DCF-47DD-AE99-0E6D62EC2899}.Release|Any CPU.ActiveCfg = Release|Any CPU
		{145C2234-3DCF-47DD-AE99-0E6D62EC2899}.Release|Any CPU.Build.0 = Release|Any CPU
		{B9F2659A-2584-4F9D-9C4E-15C83B2F9334}.Debug|Any CPU.ActiveCfg = Debug|Any CPU
		{B9F2659A-2584-4F9D-9C4E-15C83B2F9334}.Debug|Any CPU.Build.0 = Debug|Any CPU
		{B9F2659A-2584-4F9D-9C4E-15C83B2F9334}.Release|Any CPU.ActiveCfg = Release|Any CPU
		{B9F2659A-2584-4F9D-9C4E-15C83B2F9334}.Release|Any CPU.Build.0 = Release|Any CPU
	EndGlobalSection
	GlobalSection(SolutionProperties) = preSolution
		HideSolutionNode = FALSE
	EndGlobalSection
	GlobalSection(ExtensibilityGlobals) = postSolution
		SolutionGuid = {1018CCB0-E7FC-49B8-8025-08312534F65C}
	EndGlobalSection
EndGlobal
